// !$*UTF8*$!
{
	archiveVersion = 1;
	classes = {
	};
	objectVersion = 77;
	objects = {

/* Begin PBXBuildFile section */
		8C92178C2D5A5EDE00C7DABD /* ColleXApp.swift in Sources */ = {isa = PBXBuildFile; fileRef = 8C9217892D5A5EDE00C7DABD /* ColleXApp.swift */; };
		8C92178D2D5A5EDE00C7DABD /* ContentView.swift in Sources */ = {isa = PBXBuildFile; fileRef = 8C92178A2D5A5EDE00C7DABD /* ContentView.swift */; };
		8C92178E2D5A5EDE00C7DABD /* Preview Assets.xcassets in Resources */ = {isa = PBXBuildFile; fileRef = 8C9217862D5A5EDE00C7DABD /* Preview Assets.xcassets */; };
		8C92178F2D5A5EDE00C7DABD /* Assets.xcassets in Resources */ = {isa = PBXBuildFile; fileRef = 8C9217882D5A5EDE00C7DABD /* Assets.xcassets */; };
		8C9217972D5A5F3B00C7DABD /* Item.swift in Sources */ = {isa = PBXBuildFile; fileRef = 8C9217962D5A5F3B00C7DABD /* Item.swift */; };
		8C9217992D5A5F4200C7DABD /* Auction.swift in Sources */ = {isa = PBXBuildFile; fileRef = 8C9217982D5A5F4200C7DABD /* Auction.swift */; };
		8C92179D2D5A5F5A00C7DABD /* User.swift in Sources */ = {isa = PBXBuildFile; fileRef = 8C92179C2D5A5F5A00C7DABD /* User.swift */; };
		8C92179F2D5A5F6A00C7DABD /* MainTabView.swift in Sources */ = {isa = PBXBuildFile; fileRef = 8C92179E2D5A5F6A00C7DABD /* MainTabView.swift */; };
		8C9217A12D5A5F7400C7DABD /* HomeView.swift in Sources */ = {isa = PBXBuildFile; fileRef = 8C9217A02D5A5F7400C7DABD /* HomeView.swift */; };
		8C9217A32D5A5F8100C7DABD /* PortfolioView.swift in Sources */ = {isa = PBXBuildFile; fileRef = 8C9217A22D5A5F8100C7DABD /* PortfolioView.swift */; };
		8C9217A52D5A5F9500C7DABD /* MarketplaceView.swift in Sources */ = {isa = PBXBuildFile; fileRef = 8C9217A42D5A5F9500C7DABD /* MarketplaceView.swift */; };
		8C9217A72D5A5FA500C7DABD /* AuctionView.swift in Sources */ = {isa = PBXBuildFile; fileRef = 8C9217A62D5A5FA500C7DABD /* AuctionView.swift */; };
		8C9217AB2D5A5FBB00C7DABD /* CommunityView.swift in Sources */ = {isa = PBXBuildFile; fileRef = 8C9217AA2D5A5FBB00C7DABD /* CommunityView.swift */; };
		8C9217AD2D5A5FC500C7DABD /* ProfileView.swift in Sources */ = {isa = PBXBuildFile; fileRef = 8C9217AC2D5A5FC500C7DABD /* ProfileView.swift */; };
		8C9217B12D5A60A900C7DABD /* HomeViewModel.swift in Sources */ = {isa = PBXBuildFile; fileRef = 8C9217B02D5A60A900C7DABD /* HomeViewModel.swift */; };
		8C9217B32D5A60B600C7DABD /* ProfileViewModel.swift in Sources */ = {isa = PBXBuildFile; fileRef = 8C9217B22D5A60B600C7DABD /* ProfileViewModel.swift */; };
		8C9217B52D5A60BE00C7DABD /* MarketplaceViewModel.swift in Sources */ = {isa = PBXBuildFile; fileRef = 8C9217B42D5A60BE00C7DABD /* MarketplaceViewModel.swift */; };
		8C9217B72D5A60C800C7DABD /* AuctionViewModel.swift in Sources */ = {isa = PBXBuildFile; fileRef = 8C9217B62D5A60C800C7DABD /* AuctionViewModel.swift */; };
		8C9217B92D5A60D700C7DABD /* CommunityViewModel.swift in Sources */ = {isa = PBXBuildFile; fileRef = 8C9217B82D5A60D700C7DABD /* CommunityViewModel.swift */; };
		8C9217BB2D5A60F700C7DABD /* PortfolioViewModel.swift in Sources */ = {isa = PBXBuildFile; fileRef = 8C9217BA2D5A60F700C7DABD /* PortfolioViewModel.swift */; };
		8C9217BF2D5A611D00C7DABD /* AuctionService.swift in Sources */ = {isa = PBXBuildFile; fileRef = 8C9217BE2D5A611D00C7DABD /* AuctionService.swift */; };
		8C9217C12D5A612500C7DABD /* PaymentService.swift in Sources */ = {isa = PBXBuildFile; fileRef = 8C9217C02D5A612500C7DABD /* PaymentService.swift */; };
		8C9217C32D5A612E00C7DABD /* NetworkService.swift in Sources */ = {isa = PBXBuildFile; fileRef = 8C9217C22D5A612E00C7DABD /* NetworkService.swift */; };
		8C9217C52D5A613B00C7DABD /* Constants.swift in Sources */ = {isa = PBXBuildFile; fileRef = 8C9217C42D5A613B00C7DABD /* Constants.swift */; };
		8C9217C72D5A614300C7DABD /* Extensions.swift in Sources */ = {isa = PBXBuildFile; fileRef = 8C9217C62D5A614300C7DABD /* Extensions.swift */; };
		8C9217C92D5A614A00C7DABD /* Helpers.swift in Sources */ = {isa = PBXBuildFile; fileRef = 8C9217C82D5A614A00C7DABD /* Helpers.swift */; };
		8C9217CE2D5A640600C7DABD /* ItemDataManager.swift in Sources */ = {isa = PBXBuildFile; fileRef = 8C9217CD2D5A640600C7DABD /* ItemDataManager.swift */; };
		8C9217D02D5A64DE00C7DABD /* ItemCard.swift in Sources */ = {isa = PBXBuildFile; fileRef = 8C9217CF2D5A64DE00C7DABD /* ItemCard.swift */; };
		8C9217D22D5A666F00C7DABD /* AuctionDetailView.swift in Sources */ = {isa = PBXBuildFile; fileRef = 8C9217D12D5A666F00C7DABD /* AuctionDetailView.swift */; };
		8C9217D42D5A667600C7DABD /* ItemDetailView.swift in Sources */ = {isa = PBXBuildFile; fileRef = 8C9217D32D5A667600C7DABD /* ItemDetailView.swift */; };
		8C9217D62D5A66E300C7DABD /* ButtonStyles.swift in Sources */ = {isa = PBXBuildFile; fileRef = 8C9217D52D5A66E300C7DABD /* ButtonStyles.swift */; };
		8CD54DA02D5B0D9300A1FF15 /* PokemonAPIService.swift in Sources */ = {isa = PBXBuildFile; fileRef = 8CD54D9F2D5B0D9300A1FF15 /* PokemonAPIService.swift */; };
		8CD54DA42D5B0DDA00A1FF15 /* PokemonViewModel.swift in Sources */ = {isa = PBXBuildFile; fileRef = 8CD54DA32D5B0DDA00A1FF15 /* PokemonViewModel.swift */; };
		8CD54DA62D5B0DF400A1FF15 /* PokemonCardListView.swift in Sources */ = {isa = PBXBuildFile; fileRef = 8CD54DA52D5B0DF400A1FF15 /* PokemonCardListView.swift */; };
/* End PBXBuildFile section */

/* Begin PBXFileReference section */
		8C9217752D5A5D6800C7DABD /* ColleX.app */ = {isa = PBXFileReference; explicitFileType = wrapper.application; includeInIndex = 0; path = ColleX.app; sourceTree = BUILT_PRODUCTS_DIR; };
		8C9217862D5A5EDE00C7DABD /* Preview Assets.xcassets */ = {isa = PBXFileReference; lastKnownFileType = folder.assetcatalog; path = "Preview Assets.xcassets"; sourceTree = "<group>"; };
		8C9217882D5A5EDE00C7DABD /* Assets.xcassets */ = {isa = PBXFileReference; lastKnownFileType = folder.assetcatalog; path = Assets.xcassets; sourceTree = "<group>"; };
		8C9217892D5A5EDE00C7DABD /* ColleXApp.swift */ = {isa = PBXFileReference; lastKnownFileType = sourcecode.swift; path = ColleXApp.swift; sourceTree = "<group>"; };
		8C92178A2D5A5EDE00C7DABD /* ContentView.swift */ = {isa = PBXFileReference; lastKnownFileType = sourcecode.swift; path = ContentView.swift; sourceTree = "<group>"; };
		8C9217962D5A5F3B00C7DABD /* Item.swift */ = {isa = PBXFileReference; lastKnownFileType = sourcecode.swift; path = Item.swift; sourceTree = "<group>"; };
		8C9217982D5A5F4200C7DABD /* Auction.swift */ = {isa = PBXFileReference; lastKnownFileType = sourcecode.swift; path = Auction.swift; sourceTree = "<group>"; };
		8C92179C2D5A5F5A00C7DABD /* User.swift */ = {isa = PBXFileReference; lastKnownFileType = sourcecode.swift; path = User.swift; sourceTree = "<group>"; };
		8C92179E2D5A5F6A00C7DABD /* MainTabView.swift */ = {isa = PBXFileReference; lastKnownFileType = sourcecode.swift; path = MainTabView.swift; sourceTree = "<group>"; };
		8C9217A02D5A5F7400C7DABD /* HomeView.swift */ = {isa = PBXFileReference; lastKnownFileType = sourcecode.swift; path = HomeView.swift; sourceTree = "<group>"; };
		8C9217A22D5A5F8100C7DABD /* PortfolioView.swift */ = {isa = PBXFileReference; lastKnownFileType = sourcecode.swift; path = PortfolioView.swift; sourceTree = "<group>"; };
		8C9217A42D5A5F9500C7DABD /* MarketplaceView.swift */ = {isa = PBXFileReference; lastKnownFileType = sourcecode.swift; path = MarketplaceView.swift; sourceTree = "<group>"; };
		8C9217A62D5A5FA500C7DABD /* AuctionView.swift */ = {isa = PBXFileReference; lastKnownFileType = sourcecode.swift; path = AuctionView.swift; sourceTree = "<group>"; };
		8C9217AA2D5A5FBB00C7DABD /* CommunityView.swift */ = {isa = PBXFileReference; lastKnownFileType = sourcecode.swift; path = CommunityView.swift; sourceTree = "<group>"; };
		8C9217AC2D5A5FC500C7DABD /* ProfileView.swift */ = {isa = PBXFileReference; lastKnownFileType = sourcecode.swift; path = ProfileView.swift; sourceTree = "<group>"; };
		8C9217B02D5A60A900C7DABD /* HomeViewModel.swift */ = {isa = PBXFileReference; lastKnownFileType = sourcecode.swift; path = HomeViewModel.swift; sourceTree = "<group>"; };
		8C9217B22D5A60B600C7DABD /* ProfileViewModel.swift */ = {isa = PBXFileReference; lastKnownFileType = sourcecode.swift; path = ProfileViewModel.swift; sourceTree = "<group>"; };
		8C9217B42D5A60BE00C7DABD /* MarketplaceViewModel.swift */ = {isa = PBXFileReference; lastKnownFileType = sourcecode.swift; path = MarketplaceViewModel.swift; sourceTree = "<group>"; };
		8C9217B62D5A60C800C7DABD /* AuctionViewModel.swift */ = {isa = PBXFileReference; lastKnownFileType = sourcecode.swift; path = AuctionViewModel.swift; sourceTree = "<group>"; };
		8C9217B82D5A60D700C7DABD /* CommunityViewModel.swift */ = {isa = PBXFileReference; lastKnownFileType = sourcecode.swift; path = CommunityViewModel.swift; sourceTree = "<group>"; };
		8C9217BA2D5A60F700C7DABD /* PortfolioViewModel.swift */ = {isa = PBXFileReference; lastKnownFileType = sourcecode.swift; path = PortfolioViewModel.swift; sourceTree = "<group>"; };
		8C9217BE2D5A611D00C7DABD /* AuctionService.swift */ = {isa = PBXFileReference; lastKnownFileType = sourcecode.swift; path = AuctionService.swift; sourceTree = "<group>"; };
		8C9217C02D5A612500C7DABD /* PaymentService.swift */ = {isa = PBXFileReference; lastKnownFileType = sourcecode.swift; path = PaymentService.swift; sourceTree = "<group>"; };
		8C9217C22D5A612E00C7DABD /* NetworkService.swift */ = {isa = PBXFileReference; lastKnownFileType = sourcecode.swift; path = NetworkService.swift; sourceTree = "<group>"; };
		8C9217C42D5A613B00C7DABD /* Constants.swift */ = {isa = PBXFileReference; lastKnownFileType = sourcecode.swift; path = Constants.swift; sourceTree = "<group>"; };
		8C9217C62D5A614300C7DABD /* Extensions.swift */ = {isa = PBXFileReference; lastKnownFileType = sourcecode.swift; path = Extensions.swift; sourceTree = "<group>"; };
		8C9217C82D5A614A00C7DABD /* Helpers.swift */ = {isa = PBXFileReference; lastKnownFileType = sourcecode.swift; path = Helpers.swift; sourceTree = "<group>"; };
		8C9217CD2D5A640600C7DABD /* ItemDataManager.swift */ = {isa = PBXFileReference; lastKnownFileType = sourcecode.swift; path = ItemDataManager.swift; sourceTree = "<group>"; };
		8C9217CF2D5A64DE00C7DABD /* ItemCard.swift */ = {isa = PBXFileReference; lastKnownFileType = sourcecode.swift; path = ItemCard.swift; sourceTree = "<group>"; };
		8C9217D12D5A666F00C7DABD /* AuctionDetailView.swift */ = {isa = PBXFileReference; lastKnownFileType = sourcecode.swift; path = AuctionDetailView.swift; sourceTree = "<group>"; };
		8C9217D32D5A667600C7DABD /* ItemDetailView.swift */ = {isa = PBXFileReference; lastKnownFileType = sourcecode.swift; path = ItemDetailView.swift; sourceTree = "<group>"; };
		8C9217D52D5A66E300C7DABD /* ButtonStyles.swift */ = {isa = PBXFileReference; lastKnownFileType = sourcecode.swift; path = ButtonStyles.swift; sourceTree = "<group>"; };
		8CD54D9F2D5B0D9300A1FF15 /* PokemonAPIService.swift */ = {isa = PBXFileReference; lastKnownFileType = sourcecode.swift; path = PokemonAPIService.swift; sourceTree = "<group>"; };
		8CD54DA32D5B0DDA00A1FF15 /* PokemonViewModel.swift */ = {isa = PBXFileReference; lastKnownFileType = sourcecode.swift; path = PokemonViewModel.swift; sourceTree = "<group>"; };
		8CD54DA52D5B0DF400A1FF15 /* PokemonCardListView.swift */ = {isa = PBXFileReference; lastKnownFileType = sourcecode.swift; path = PokemonCardListView.swift; sourceTree = "<group>"; };
/* End PBXFileReference section */

/* Begin PBXFrameworksBuildPhase section */
		8C9217722D5A5D6800C7DABD /* Frameworks */ = {
			isa = PBXFrameworksBuildPhase;
			buildActionMask = 2147483647;
			files = (
			);
			runOnlyForDeploymentPostprocessing = 0;
		};
/* End PBXFrameworksBuildPhase section */

/* Begin PBXGroup section */
		8C92176C2D5A5D6800C7DABD = {
			isa = PBXGroup;
			children = (
				8C92178B2D5A5EDE00C7DABD /* ColleX */,
				8C9217762D5A5D6800C7DABD /* Products */,
			);
			sourceTree = "<group>";
		};
		8C9217762D5A5D6800C7DABD /* Products */ = {
			isa = PBXGroup;
			children = (
				8C9217752D5A5D6800C7DABD /* ColleX.app */,
			);
			name = Products;
			sourceTree = "<group>";
		};
		8C9217872D5A5EDE00C7DABD /* Preview Content */ = {
			isa = PBXGroup;
			children = (
				8C9217862D5A5EDE00C7DABD /* Preview Assets.xcassets */,
			);
			path = "Preview Content";
			sourceTree = "<group>";
		};
		8C92178B2D5A5EDE00C7DABD /* ColleX */ = {
			isa = PBXGroup;
			children = (
				8C9217952D5A5F0600C7DABD /* Resources */,
				8C9217942D5A5EFD00C7DABD /* Utilities */,
				8C9217932D5A5EF500C7DABD /* Services */,
				8C9217922D5A5EED00C7DABD /* ViewModels */,
				8C9217912D5A5EE800C7DABD /* Views */,
				8C9217902D5A5EE100C7DABD /* Models */,
				8C9217872D5A5EDE00C7DABD /* Preview Content */,
				8C9217882D5A5EDE00C7DABD /* Assets.xcassets */,
				8C9217892D5A5EDE00C7DABD /* ColleXApp.swift */,
				8C92178A2D5A5EDE00C7DABD /* ContentView.swift */,
			);
			path = ColleX;
			sourceTree = "<group>";
		};
		8C9217902D5A5EE100C7DABD /* Models */ = {
			isa = PBXGroup;
			children = (
				8C9217962D5A5F3B00C7DABD /* Item.swift */,
				8C9217982D5A5F4200C7DABD /* Auction.swift */,
				8C92179C2D5A5F5A00C7DABD /* User.swift */,
			);
			path = Models;
			sourceTree = "<group>";
		};
		8C9217912D5A5EE800C7DABD /* Views */ = {
			isa = PBXGroup;
			children = (
				8C92179E2D5A5F6A00C7DABD /* MainTabView.swift */,
				8C9217A02D5A5F7400C7DABD /* HomeView.swift */,
				8C9217A22D5A5F8100C7DABD /* PortfolioView.swift */,
				8C9217A42D5A5F9500C7DABD /* MarketplaceView.swift */,
				8C9217A62D5A5FA500C7DABD /* AuctionView.swift */,
				8C9217AA2D5A5FBB00C7DABD /* CommunityView.swift */,
				8C9217AC2D5A5FC500C7DABD /* ProfileView.swift */,
				8C9217CF2D5A64DE00C7DABD /* ItemCard.swift */,
				8C9217D12D5A666F00C7DABD /* AuctionDetailView.swift */,
				8C9217D32D5A667600C7DABD /* ItemDetailView.swift */,
				8CD54DA52D5B0DF400A1FF15 /* PokemonCardListView.swift */,
			);
			path = Views;
			sourceTree = "<group>";
		};
		8C9217922D5A5EED00C7DABD /* ViewModels */ = {
			isa = PBXGroup;
			children = (
				8C9217B02D5A60A900C7DABD /* HomeViewModel.swift */,
				8C9217BA2D5A60F700C7DABD /* PortfolioViewModel.swift */,
				8C9217B42D5A60BE00C7DABD /* MarketplaceViewModel.swift */,
				8C9217B62D5A60C800C7DABD /* AuctionViewModel.swift */,
				8C9217B82D5A60D700C7DABD /* CommunityViewModel.swift */,
				8C9217B22D5A60B600C7DABD /* ProfileViewModel.swift */,
				8CD54DA32D5B0DDA00A1FF15 /* PokemonViewModel.swift */,
			);
			path = ViewModels;
			sourceTree = "<group>";
		};
		8C9217932D5A5EF500C7DABD /* Services */ = {
			isa = PBXGroup;
			children = (
				8C9217BE2D5A611D00C7DABD /* AuctionService.swift */,
				8C9217C02D5A612500C7DABD /* PaymentService.swift */,
				8C9217C22D5A612E00C7DABD /* NetworkService.swift */,
				8C9217CD2D5A640600C7DABD /* ItemDataManager.swift */,
				8CD54D9F2D5B0D9300A1FF15 /* PokemonAPIService.swift */,
			);
			path = Services;
			sourceTree = "<group>";
		};
		8C9217942D5A5EFD00C7DABD /* Utilities */ = {
			isa = PBXGroup;
			children = (
				8C9217C42D5A613B00C7DABD /* Constants.swift */,
				8C9217C62D5A614300C7DABD /* Extensions.swift */,
				8C9217C82D5A614A00C7DABD /* Helpers.swift */,
				8C9217D52D5A66E300C7DABD /* ButtonStyles.swift */,
			);
			path = Utilities;
			sourceTree = "<group>";
		};
		8C9217952D5A5F0600C7DABD /* Resources */ = {
			isa = PBXGroup;
			children = (
			);
			path = Resources;
			sourceTree = "<group>";
		};
/* End PBXGroup section */

/* Begin PBXNativeTarget section */
		8C9217742D5A5D6800C7DABD /* ColleX */ = {
			isa = PBXNativeTarget;
			buildConfigurationList = 8C9217832D5A5D6900C7DABD /* Build configuration list for PBXNativeTarget "ColleX" */;
			buildPhases = (
				8C9217712D5A5D6800C7DABD /* Sources */,
				8C9217722D5A5D6800C7DABD /* Frameworks */,
				8C9217732D5A5D6800C7DABD /* Resources */,
			);
			buildRules = (
			);
			dependencies = (
			);
			name = ColleX;
			packageProductDependencies = (
			);
			productName = ColleX;
			productReference = 8C9217752D5A5D6800C7DABD /* ColleX.app */;
			productType = "com.apple.product-type.application";
		};
/* End PBXNativeTarget section */

/* Begin PBXProject section */
		8C92176D2D5A5D6800C7DABD /* Project object */ = {
			isa = PBXProject;
			attributes = {
				BuildIndependentTargetsInParallel = 1;
				LastSwiftUpdateCheck = 1620;
				LastUpgradeCheck = 1620;
				TargetAttributes = {
					8C9217742D5A5D6800C7DABD = {
						CreatedOnToolsVersion = 16.2;
					};
				};
			};
			buildConfigurationList = 8C9217702D5A5D6800C7DABD /* Build configuration list for PBXProject "ColleX" */;
			developmentRegion = en;
			hasScannedForEncodings = 0;
			knownRegions = (
				en,
				Base,
			);
			mainGroup = 8C92176C2D5A5D6800C7DABD;
			minimizedProjectReferenceProxies = 1;
			preferredProjectObjectVersion = 77;
			productRefGroup = 8C9217762D5A5D6800C7DABD /* Products */;
			projectDirPath = "";
			projectRoot = "";
			targets = (
				8C9217742D5A5D6800C7DABD /* ColleX */,
			);
		};
/* End PBXProject section */

/* Begin PBXResourcesBuildPhase section */
		8C9217732D5A5D6800C7DABD /* Resources */ = {
			isa = PBXResourcesBuildPhase;
			buildActionMask = 2147483647;
			files = (
				8C92178E2D5A5EDE00C7DABD /* Preview Assets.xcassets in Resources */,
				8C92178F2D5A5EDE00C7DABD /* Assets.xcassets in Resources */,
			);
			runOnlyForDeploymentPostprocessing = 0;
		};
/* End PBXResourcesBuildPhase section */

/* Begin PBXSourcesBuildPhase section */
		8C9217712D5A5D6800C7DABD /* Sources */ = {
			isa = PBXSourcesBuildPhase;
			buildActionMask = 2147483647;
			files = (
				8CD54DA02D5B0D9300A1FF15 /* PokemonAPIService.swift in Sources */,
				8C9217C52D5A613B00C7DABD /* Constants.swift in Sources */,
				8C9217A32D5A5F8100C7DABD /* PortfolioView.swift in Sources */,
				8C9217AD2D5A5FC500C7DABD /* ProfileView.swift in Sources */,
				8C92178C2D5A5EDE00C7DABD /* ColleXApp.swift in Sources */,
				8C9217AB2D5A5FBB00C7DABD /* CommunityView.swift in Sources */,
				8C9217BF2D5A611D00C7DABD /* AuctionService.swift in Sources */,
				8C9217A52D5A5F9500C7DABD /* MarketplaceView.swift in Sources */,
				8C9217B72D5A60C800C7DABD /* AuctionViewModel.swift in Sources */,
				8C9217A12D5A5F7400C7DABD /* HomeView.swift in Sources */,
				8C9217D02D5A64DE00C7DABD /* ItemCard.swift in Sources */,
				8C9217C32D5A612E00C7DABD /* NetworkService.swift in Sources */,
				8C9217BB2D5A60F700C7DABD /* PortfolioViewModel.swift in Sources */,
				8C9217972D5A5F3B00C7DABD /* Item.swift in Sources */,
				8C92178D2D5A5EDE00C7DABD /* ContentView.swift in Sources */,
				8C9217C12D5A612500C7DABD /* PaymentService.swift in Sources */,
				8C9217B92D5A60D700C7DABD /* CommunityViewModel.swift in Sources */,
				8C9217D62D5A66E300C7DABD /* ButtonStyles.swift in Sources */,
				8C9217D42D5A667600C7DABD /* ItemDetailView.swift in Sources */,
				8C92179D2D5A5F5A00C7DABD /* User.swift in Sources */,
				8C9217992D5A5F4200C7DABD /* Auction.swift in Sources */,
				8C9217CE2D5A640600C7DABD /* ItemDataManager.swift in Sources */,
				8C9217A72D5A5FA500C7DABD /* AuctionView.swift in Sources */,
				8C9217D22D5A666F00C7DABD /* AuctionDetailView.swift in Sources */,
				8CD54DA42D5B0DDA00A1FF15 /* PokemonViewModel.swift in Sources */,
				8C9217B12D5A60A900C7DABD /* HomeViewModel.swift in Sources */,
				8C9217C72D5A614300C7DABD /* Extensions.swift in Sources */,
				8C9217C92D5A614A00C7DABD /* Helpers.swift in Sources */,
				8C9217B32D5A60B600C7DABD /* ProfileViewModel.swift in Sources */,
				8C92179F2D5A5F6A00C7DABD /* MainTabView.swift in Sources */,
				8CD54DA62D5B0DF400A1FF15 /* PokemonCardListView.swift in Sources */,
				8C9217B52D5A60BE00C7DABD /* MarketplaceViewModel.swift in Sources */,
			);
			runOnlyForDeploymentPostprocessing = 0;
		};
/* End PBXSourcesBuildPhase section */

/* Begin XCBuildConfiguration section */
		8C9217812D5A5D6900C7DABD /* Debug */ = {
			isa = XCBuildConfiguration;
			buildSettings = {
				ALWAYS_SEARCH_USER_PATHS = NO;
				ASSETCATALOG_COMPILER_GENERATE_SWIFT_ASSET_SYMBOL_EXTENSIONS = YES;
				CLANG_ANALYZER_NONNULL = YES;
				CLANG_ANALYZER_NUMBER_OBJECT_CONVERSION = YES_AGGRESSIVE;
				CLANG_CXX_LANGUAGE_STANDARD = "gnu++20";
				CLANG_ENABLE_MODULES = YES;
				CLANG_ENABLE_OBJC_ARC = YES;
				CLANG_ENABLE_OBJC_WEAK = YES;
				CLANG_WARN_BLOCK_CAPTURE_AUTORELEASING = YES;
				CLANG_WARN_BOOL_CONVERSION = YES;
				CLANG_WARN_COMMA = YES;
				CLANG_WARN_CONSTANT_CONVERSION = YES;
				CLANG_WARN_DEPRECATED_OBJC_IMPLEMENTATIONS = YES;
				CLANG_WARN_DIRECT_OBJC_ISA_USAGE = YES_ERROR;
				CLANG_WARN_DOCUMENTATION_COMMENTS = YES;
				CLANG_WARN_EMPTY_BODY = YES;
				CLANG_WARN_ENUM_CONVERSION = YES;
				CLANG_WARN_INFINITE_RECURSION = YES;
				CLANG_WARN_INT_CONVERSION = YES;
				CLANG_WARN_NON_LITERAL_NULL_CONVERSION = YES;
				CLANG_WARN_OBJC_IMPLICIT_RETAIN_SELF = YES;
				CLANG_WARN_OBJC_LITERAL_CONVERSION = YES;
				CLANG_WARN_OBJC_ROOT_CLASS = YES_ERROR;
				CLANG_WARN_QUOTED_INCLUDE_IN_FRAMEWORK_HEADER = YES;
				CLANG_WARN_RANGE_LOOP_ANALYSIS = YES;
				CLANG_WARN_STRICT_PROTOTYPES = YES;
				CLANG_WARN_SUSPICIOUS_MOVE = YES;
				CLANG_WARN_UNGUARDED_AVAILABILITY = YES_AGGRESSIVE;
				CLANG_WARN_UNREACHABLE_CODE = YES;
				CLANG_WARN__DUPLICATE_METHOD_MATCH = YES;
				COPY_PHASE_STRIP = NO;
				DEBUG_INFORMATION_FORMAT = dwarf;
				ENABLE_STRICT_OBJC_MSGSEND = YES;
				ENABLE_TESTABILITY = YES;
				ENABLE_USER_SCRIPT_SANDBOXING = YES;
				GCC_C_LANGUAGE_STANDARD = gnu17;
				GCC_DYNAMIC_NO_PIC = NO;
				GCC_NO_COMMON_BLOCKS = YES;
				GCC_OPTIMIZATION_LEVEL = 0;
				GCC_PREPROCESSOR_DEFINITIONS = (
					"DEBUG=1",
					"$(inherited)",
				);
				GCC_WARN_64_TO_32_BIT_CONVERSION = YES;
				GCC_WARN_ABOUT_RETURN_TYPE = YES_ERROR;
				GCC_WARN_UNDECLARED_SELECTOR = YES;
				GCC_WARN_UNINITIALIZED_AUTOS = YES_AGGRESSIVE;
				GCC_WARN_UNUSED_FUNCTION = YES;
				GCC_WARN_UNUSED_VARIABLE = YES;
				IPHONEOS_DEPLOYMENT_TARGET = 18.2;
				LOCALIZATION_PREFERS_STRING_CATALOGS = YES;
				MTL_ENABLE_DEBUG_INFO = INCLUDE_SOURCE;
				MTL_FAST_MATH = YES;
				ONLY_ACTIVE_ARCH = YES;
				SDKROOT = iphoneos;
				SWIFT_ACTIVE_COMPILATION_CONDITIONS = "DEBUG $(inherited)";
				SWIFT_OPTIMIZATION_LEVEL = "-Onone";
			};
			name = Debug;
		};
		8C9217822D5A5D6900C7DABD /* Release */ = {
			isa = XCBuildConfiguration;
			buildSettings = {
				ALWAYS_SEARCH_USER_PATHS = NO;
				ASSETCATALOG_COMPILER_GENERATE_SWIFT_ASSET_SYMBOL_EXTENSIONS = YES;
				CLANG_ANALYZER_NONNULL = YES;
				CLANG_ANALYZER_NUMBER_OBJECT_CONVERSION = YES_AGGRESSIVE;
				CLANG_CXX_LANGUAGE_STANDARD = "gnu++20";
				CLANG_ENABLE_MODULES = YES;
				CLANG_ENABLE_OBJC_ARC = YES;
				CLANG_ENABLE_OBJC_WEAK = YES;
				CLANG_WARN_BLOCK_CAPTURE_AUTORELEASING = YES;
				CLANG_WARN_BOOL_CONVERSION = YES;
				CLANG_WARN_COMMA = YES;
				CLANG_WARN_CONSTANT_CONVERSION = YES;
				CLANG_WARN_DEPRECATED_OBJC_IMPLEMENTATIONS = YES;
				CLANG_WARN_DIRECT_OBJC_ISA_USAGE = YES_ERROR;
				CLANG_WARN_DOCUMENTATION_COMMENTS = YES;
				CLANG_WARN_EMPTY_BODY = YES;
				CLANG_WARN_ENUM_CONVERSION = YES;
				CLANG_WARN_INFINITE_RECURSION = YES;
				CLANG_WARN_INT_CONVERSION = YES;
				CLANG_WARN_NON_LITERAL_NULL_CONVERSION = YES;
				CLANG_WARN_OBJC_IMPLICIT_RETAIN_SELF = YES;
				CLANG_WARN_OBJC_LITERAL_CONVERSION = YES;
				CLANG_WARN_OBJC_ROOT_CLASS = YES_ERROR;
				CLANG_WARN_QUOTED_INCLUDE_IN_FRAMEWORK_HEADER = YES;
				CLANG_WARN_RANGE_LOOP_ANALYSIS = YES;
				CLANG_WARN_STRICT_PROTOTYPES = YES;
				CLANG_WARN_SUSPICIOUS_MOVE = YES;
				CLANG_WARN_UNGUARDED_AVAILABILITY = YES_AGGRESSIVE;
				CLANG_WARN_UNREACHABLE_CODE = YES;
				CLANG_WARN__DUPLICATE_METHOD_MATCH = YES;
				COPY_PHASE_STRIP = NO;
				DEBUG_INFORMATION_FORMAT = "dwarf-with-dsym";
				ENABLE_NS_ASSERTIONS = NO;
				ENABLE_STRICT_OBJC_MSGSEND = YES;
				ENABLE_USER_SCRIPT_SANDBOXING = YES;
				GCC_C_LANGUAGE_STANDARD = gnu17;
				GCC_NO_COMMON_BLOCKS = YES;
				GCC_WARN_64_TO_32_BIT_CONVERSION = YES;
				GCC_WARN_ABOUT_RETURN_TYPE = YES_ERROR;
				GCC_WARN_UNDECLARED_SELECTOR = YES;
				GCC_WARN_UNINITIALIZED_AUTOS = YES_AGGRESSIVE;
				GCC_WARN_UNUSED_FUNCTION = YES;
				GCC_WARN_UNUSED_VARIABLE = YES;
				IPHONEOS_DEPLOYMENT_TARGET = 18.2;
				LOCALIZATION_PREFERS_STRING_CATALOGS = YES;
				MTL_ENABLE_DEBUG_INFO = NO;
				MTL_FAST_MATH = YES;
				SDKROOT = iphoneos;
				SWIFT_COMPILATION_MODE = wholemodule;
				VALIDATE_PRODUCT = YES;
			};
			name = Release;
		};
		8C9217842D5A5D6900C7DABD /* Debug */ = {
			isa = XCBuildConfiguration;
			buildSettings = {
				ASSETCATALOG_COMPILER_APPICON_NAME = AppIcon;
				ASSETCATALOG_COMPILER_GLOBAL_ACCENT_COLOR_NAME = AccentColor;
				CODE_SIGN_STYLE = Automatic;
				CURRENT_PROJECT_VERSION = 1;
				DEVELOPMENT_ASSET_PATHS = "\"ColleX/Preview Content\"";
				DEVELOPMENT_TEAM = LN2HJ678YH;
				ENABLE_PREVIEWS = YES;
				GENERATE_INFOPLIST_FILE = YES;
				INFOPLIST_KEY_UIApplicationSceneManifest_Generation = YES;
				INFOPLIST_KEY_UIApplicationSupportsIndirectInputEvents = YES;
				INFOPLIST_KEY_UILaunchScreen_Generation = YES;
				INFOPLIST_KEY_UISupportedInterfaceOrientations_iPad = "UIInterfaceOrientationPortrait UIInterfaceOrientationPortraitUpsideDown UIInterfaceOrientationLandscapeLeft UIInterfaceOrientationLandscapeRight";
				INFOPLIST_KEY_UISupportedInterfaceOrientations_iPhone = "UIInterfaceOrientationPortrait UIInterfaceOrientationLandscapeLeft UIInterfaceOrientationLandscapeRight";
				LD_RUNPATH_SEARCH_PATHS = (
					"$(inherited)",
					"@executable_path/Frameworks",
				);
				MARKETING_VERSION = 1.0;
				PRODUCT_BUNDLE_IDENTIFIER = com.triosRM.ColleX;
				PRODUCT_NAME = "$(TARGET_NAME)";
				SWIFT_EMIT_LOC_STRINGS = YES;
				SWIFT_VERSION = 5.0;
				TARGETED_DEVICE_FAMILY = "1,2";
			};
			name = Debug;
		};
		8C9217852D5A5D6900C7DABD /* Release */ = {
			isa = XCBuildConfiguration;
			buildSettings = {
				ASSETCATALOG_COMPILER_APPICON_NAME = AppIcon;
				ASSETCATALOG_COMPILER_GLOBAL_ACCENT_COLOR_NAME = AccentColor;
				CODE_SIGN_STYLE = Automatic;
				CURRENT_PROJECT_VERSION = 1;
				DEVELOPMENT_ASSET_PATHS = "\"ColleX/Preview Content\"";
				DEVELOPMENT_TEAM = LN2HJ678YH;
				ENABLE_PREVIEWS = YES;
				GENERATE_INFOPLIST_FILE = YES;
				INFOPLIST_KEY_UIApplicationSceneManifest_Generation = YES;
				INFOPLIST_KEY_UIApplicationSupportsIndirectInputEvents = YES;
				INFOPLIST_KEY_UILaunchScreen_Generation = YES;
				INFOPLIST_KEY_UISupportedInterfaceOrientations_iPad = "UIInterfaceOrientationPortrait UIInterfaceOrientationPortraitUpsideDown UIInterfaceOrientationLandscapeLeft UIInterfaceOrientationLandscapeRight";
				INFOPLIST_KEY_UISupportedInterfaceOrientations_iPhone = "UIInterfaceOrientationPortrait UIInterfaceOrientationLandscapeLeft UIInterfaceOrientationLandscapeRight";
				LD_RUNPATH_SEARCH_PATHS = (
					"$(inherited)",
					"@executable_path/Frameworks",
				);
				MARKETING_VERSION = 1.0;
				PRODUCT_BUNDLE_IDENTIFIER = com.triosRM.ColleX;
				PRODUCT_NAME = "$(TARGET_NAME)";
				SWIFT_EMIT_LOC_STRINGS = YES;
				SWIFT_VERSION = 5.0;
				TARGETED_DEVICE_FAMILY = "1,2";
			};
			name = Release;
		};
/* End XCBuildConfiguration section */

/* Begin XCConfigurationList section */
		8C9217702D5A5D6800C7DABD /* Build configuration list for PBXProject "ColleX" */ = {
			isa = XCConfigurationList;
			buildConfigurations = (
				8C9217812D5A5D6900C7DABD /* Debug */,
				8C9217822D5A5D6900C7DABD /* Release */,
			);
			defaultConfigurationIsVisible = 0;
			defaultConfigurationName = Release;
		};
		8C9217832D5A5D6900C7DABD /* Build configuration list for PBXNativeTarget "ColleX" */ = {
			isa = XCConfigurationList;
			buildConfigurations = (
				8C9217842D5A5D6900C7DABD /* Debug */,
				8C9217852D5A5D6900C7DABD /* Release */,
			);
			defaultConfigurationIsVisible = 0;
			defaultConfigurationName = Release;
		};
/* End XCConfigurationList section */
	};
	rootObject = 8C92176D2D5A5D6800C7DABD /* Project object */;
}
